{
  "name": "@toshihiko/base-adapter",
  "version": "2.0.0-alpha.0",
  "lockfileVersion": 3,
  "requires": true,
  "packages": {
    "": {
      "name": "@toshihiko/base-adapter",
      "version": "2.0.0-alpha.0",
      "license": "MIT",
      "dependencies": {
        "eventemitter3": "^5.0.1"
      },
      "devDependencies": {
        "@types/node": "^22.0.0",
        "toshihiko": "file:../Toshihiko",
        "typescript": "^5.9.3"
      },
      "engines": {
        "node": ">=22"
      },
      "peerDependencies": {
        "toshihiko": ">=2.0.0-alpha.0 <3"
      }
    },
    "../Toshihiko": {
      "name": "toshihiko",
      "version": "2.0.0-alpha.0",
      "dev": true,
      "license": "MIT",
      "devDependencies": {
        "@types/node": "^22.0.0",
        "typescript": "^5.9.3"
      },
      "engines": {
        "node": ">=22"
      }
    },
    "../Toshihiko/node_modules/@types/node": {
      "version": "22.20.1",
      "dev": true,
      "license": "MIT",
      "dependencies": {
        "undici-types": "~6.21.0"
      }
    },
    "../Toshihiko/node_modules/typescript": {
      "version": "5.9.3",
      "dev": true,
      "license": "Apache-2.0",
      "bin": {
        "tsc": "bin/tsc",
        "tsserver": "bin/tsserver"
      },
      "engines": {
        "node": ">=14.17"
      }
    },
    "../Toshihiko/node_modules/undici-types": {
      "version": "6.21.0",
      "dev": true,
      "license": "MIT"
    },
    "node_modules/@types/node": {
      "version": "22.20.1",
      "dev": true,
      "license": "MIT",
      "dependencies": {
        "undici-types": "~6.21.0"
      }
    },
    "node_modules/eventemitter3": {
      "version": "5.0.4",
      "license": "MIT"
    },
    "node_modules/toshihiko": {
      "resolved": "../Toshihiko",
      "link": true
    },
    "node_modules/typescript": {
      "version": "5.9.3",
      "dev": true,
      "license": "Apache-2.0",
      "bin": {
        "tsc": "bin/tsc",
        "tsserver": "bin/tsserver"
      },
      "engines": {
        "node": ">=14.17"
      }
    },
    "node_modules/undici-types": {
      "version": "6.21.0",
      "dev": true,
      "license": "MIT"
    }
  }
}
